
Microsoft Visual Studio Solution File, Format Version 12.00
# Visual Studio 14
VisualStudioVersion = 14.0.25420.1
MinimumVisualStudioVersion = 10.0.40219.1
Project("{FAE04EC0-301F-11D3-BF4B-00C04F79EFBC}") = "ConnectToServiceBusQueue", "ConnectToServiceBusQueue\ConnectToServiceBusQueue.csproj", "{28C1A1CB-D56C-48A8-97CA-E892570DD33D}"
EndProject
Project("{FAE04EC0-301F-11D3-BF4B-00C04F79EFBC}") = "FirstWebJob", "..\FirstWebJob\FirstWebJob\FirstWebJob.csproj", "{7B32D0D9-BB46-4411-A846-DDB1301F2C84}"
EndProject
Project("{FAE04EC0-301F-11D3-BF4B-00C04F79EFBC}") = "Common", "Common\Common.csproj", "{09663161-F4BC-4FDC-9757-F2C771403CF6}"
EndProject
Global
	GlobalSection(SolutionConfigurationPlatforms) = preSolution
		Debug|Any CPU = Debug|Any CPU
		Release|Any CPU = Release|Any CPU
	EndGlobalSection
	GlobalSection(ProjectConfigurationPlatforms) = postSolution
		{28C1A1CB-D56C-48A8-97CA-E892570DD33D}.Debug|Any CPU.ActiveCfg = Debug|Any CPU
		{28C1A1CB-D56C-48A8-97CA-E892570DD33D}.Debug|Any CPU.Build.0 = Debug|Any CPU
		{28C1A1CB-D56C-48A8-97CA-E892570DD33D}.Release|Any CPU.ActiveCfg = Release|Any CPU
		{28C1A1CB-D56C-48A8-97CA-E892570DD33D}.Release|Any CPU.Build.0 = Release|Any CPU
		{7B32D0D9-BB46-4411-A846-DDB1301F2C84}.Debug|Any CPU.ActiveCfg = Debug|Any CPU
		{7B32D0D9-BB46-4411-A846-DDB1301F2C84}.Debug|Any CPU.Build.0 = Debug|Any CPU
		{7B32D0D9-BB46-4411-A846-DDB1301F2C84}.Release|Any CPU.ActiveCfg = Release|Any CPU
		{7B32D0D9-BB46-4411-A846-DDB1301F2C84}.Release|Any CPU.Build.0 = Release|Any CPU
		{09663161-F4BC-4FDC-9757-F2C771403CF6}.Debug|Any CPU.ActiveCfg = Debug|Any CPU
		{09663161-F4BC-4FDC-9757-F2C771403CF6}.Debug|Any CPU.Build.0 = Debug|Any CPU
		{09663161-F4BC-4FDC-9757-F2C771403CF6}.Release|Any CPU.ActiveCfg = Release|Any CPU
		{09663161-F4BC-4FDC-9757-F2C771403CF6}.Release|Any CPU.Build.0 = Release|Any CPU
	EndGlobalSection
	GlobalSection(SolutionProperties) = preSolution
		HideSolutionNode = FALSE
	EndGlobalSection
	GlobalSection(TeamFoundationVersionControl) = preSolution
		SccNumberOfProjects = 4
		SccEnterpriseProvider = {4CA58AB2-18FA-4F8D-95D4-32DDF27D184C}
		SccTeamFoundationServer = https://rishikeshjadhav.visualstudio.com/
		SccLocalPath0 = .
		SccProjectUniqueName1 = ConnectToServiceBusQueue\\ConnectToServiceBusQueue.csproj
		SccProjectName1 = ConnectToServiceBusQueue
		SccLocalPath1 = ConnectToServiceBusQueue
		SccProjectUniqueName2 = ..\\FirstWebJob\\FirstWebJob\\FirstWebJob.csproj
		SccProjectName2 = ../FirstWebJob/FirstWebJob
		SccLocalPath2 = ..\\FirstWebJob\\FirstWebJob
		SccProjectUniqueName3 = Common\\Common.csproj
		SccProjectName3 = Common
		SccLocalPath3 = Common
	EndGlobalSection
EndGlobal
